// !$*UTF8*$!
{
	archiveVersion = 1;
	classes = {
	};
	objectVersion = 50;
	objects = {

/* Begin PBXBuildFile section */
		9C230C4D20EEC8040035F306 /* AppDelegate.m in Sources */ = {isa = PBXBuildFile; fileRef = 9C230C4C20EEC8040035F306 /* AppDelegate.m */; };
		9C230C5020EEC8040035F306 /* ViewController.m in Sources */ = {isa = PBXBuildFile; fileRef = 9C230C4F20EEC8040035F306 /* ViewController.m */; };
		9C230C5320EEC8040035F306 /* Main.storyboard in Resources */ = {isa = PBXBuildFile; fileRef = 9C230C5120EEC8040035F306 /* Main.storyboard */; };
		9C230C5620EEC8040035F306 /* ExpandingViews.xcdatamodeld in Sources */ = {isa = PBXBuildFile; fileRef = 9C230C5420EEC8040035F306 /* ExpandingViews.xcdatamodeld */; };
		9C230C5820EEC8070035F306 /* Assets.xcassets in Resources */ = {isa = PBXBuildFile; fileRef = 9C230C5720EEC8070035F306 /* Assets.xcassets */; };
		9C230C5B20EEC8070035F306 /* LaunchScreen.storyboard in Resources */ = {isa = PBXBuildFile; fileRef = 9C230C5920EEC8070035F306 /* LaunchScreen.storyboard */; };
		9C230C5E20EEC8070035F306 /* main.m in Sources */ = {isa = PBXBuildFile; fileRef = 9C230C5D20EEC8070035F306 /* main.m */; };
/* End PBXBuildFile section */

/* Begin PBXFileReference section */
		9C230C4820EEC8040035F306 /* ExpandingViews.app */ = {isa = PBXFileReference; explicitFileType = wrapper.application; includeInIndex = 0; path = ExpandingViews.app; sourceTree = BUILT_PRODUCTS_DIR; };
		9C230C4B20EEC8040035F306 /* AppDelegate.h */ = {isa = PBXFileReference; lastKnownFileType = sourcecode.c.h; path = AppDelegate.h; sourceTree = "<group>"; };
		9C230C4C20EEC8040035F306 /* AppDelegate.m */ = {isa = PBXFileReference; lastKnownFileType = sourcecode.c.objc; path = AppDelegate.m; sourceTree = "<group>"; };
		9C230C4E20EEC8040035F306 /* ViewController.h */ = {isa = PBXFileReference; lastKnownFileType = sourcecode.c.h; path = ViewController.h; sourceTree = "<group>"; };
		9C230C4F20EEC8040035F306 /* ViewController.m */ = {isa = PBXFileReference; lastKnownFileType = sourcecode.c.objc; path = ViewController.m; sourceTree = "<group>"; };
		9C230C5220EEC8040035F306 /* Base */ = {isa = PBXFileReference; lastKnownFileType = file.storyboard; name = Base; path = Base.lproj/Main.storyboard; sourceTree = "<group>"; };
		9C230C5520EEC8040035F306 /* ExpandingViews.xcdatamodel */ = {isa = PBXFileReference; lastKnownFileType = wrapper.xcdatamodel; path = ExpandingViews.xcdatamodel; sourceTree = "<group>"; };
		9C230C5720EEC8070035F306 /* Assets.xcassets */ = {isa = PBXFileReference; lastKnownFileType = folder.assetcatalog; path = Assets.xcassets; sourceTree = "<group>"; };
		9C230C5A20EEC8070035F306 /* Base */ = {isa = PBXFileReference; lastKnownFileType = file.storyboard; name = Base; path = Base.lproj/LaunchScreen.storyboard; sourceTree = "<group>"; };
		9C230C5C20EEC8070035F306 /* Info.plist */ = {isa = PBXFileReference; lastKnownFileType = text.plist.xml; path = Info.plist; sourceTree = "<group>"; };
		9C230C5D20EEC8070035F306 /* main.m */ = {isa = PBXFileReference; lastKnownFileType = sourcecode.c.objc; path = main.m; sourceTree = "<group>"; };
/* End PBXFileReference section */

/* Begin PBXFrameworksBuildPhase section */
		9C230C4520EEC8040035F306 /* Frameworks */ = {
			isa = PBXFrameworksBuildPhase;
			buildActionMask = 2147483647;
			files = (
			);
			runOnlyForDeploymentPostprocessing = 0;
		};
/* End PBXFrameworksBuildPhase section */

/* Begin PBXGroup section */
		9C230C3F20EEC8040035F306 = {
			isa = PBXGroup;
			children = (
				9C230C4A20EEC8040035F306 /* ExpandingViews */,
				9C230C4920EEC8040035F306 /* Products */,
			);
			sourceTree = "<group>";
		};
		9C230C4920EEC8040035F306 /* Products */ = {
			isa = PBXGroup;
			children = (
				9C230C4820EEC8040035F306 /* ExpandingViews.app */,
			);
			name = Products;
			sourceTree = "<group>";
		};
		9C230C4A20EEC8040035F306 /* ExpandingViews */ = {
			isa = PBXGroup;
			children = (
				9C230C4B20EEC8040035F306 /* AppDelegate.h */,
				9C230C4C20EEC8040035F306 /* AppDelegate.m */,
				9C230C4E20EEC8040035F306 /* ViewController.h */,
				9C230C4F20EEC8040035F306 /* ViewController.m */,
				9C230C5120EEC8040035F306 /* Main.storyboard */,
				9C230C5720EEC8070035F306 /* Assets.xcassets */,
				9C230C5920EEC8070035F306 /* LaunchScreen.storyboard */,
				9C230C5C20EEC8070035F306 /* Info.plist */,
				9C230C5D20EEC8070035F306 /* main.m */,
				9C230C5420EEC8040035F306 /* ExpandingViews.xcdatamodeld */,
			);
			path = ExpandingViews;
			sourceTree = "<group>";
		};
/* End PBXGroup section */

/* Begin PBXNativeTarget section */
		9C230C4720EEC8040035F306 /* ExpandingViews */ = {
			isa = PBXNativeTarget;
			buildConfigurationList = 9C230C6120EEC8070035F306 /* Build configuration list for PBXNativeTarget "ExpandingViews" */;
			buildPhases = (
				9C230C4420EEC8040035F306 /* Sources */,
				9C230C4520EEC8040035F306 /* Frameworks */,
				9C230C4620EEC8040035F306 /* Resources */,
			);
			buildRules = (
			);
			dependencies = (
			);
			name = ExpandingViews;
			productName = ExpandingViews;
			productReference = 9C230C4820EEC8040035F306 /* ExpandingViews.app */;
			productType = "com.apple.product-type.application";
		};
/* End PBXNativeTarget section */

/* Begin PBXProject section */
		9C230C4020EEC8040035F306 /* Project object */ = {
			isa = PBXProject;
			attributes = {
				LastUpgradeCheck = 0940;
				ORGANIZATIONNAME = None;
				TargetAttributes = {
					9C230C4720EEC8040035F306 = {
						CreatedOnToolsVersion = 9.4;
					};
				};
			};
			buildConfigurationList = 9C230C4320EEC8040035F306 /* Build configuration list for PBXProject "ExpandingViews" */;
			compatibilityVersion = "Xcode 9.3";
			developmentRegion = en;
			hasScannedForEncodings = 0;
			knownRegions = (
				en,
				Base,
			);
			mainGroup = 9C230C3F20EEC8040035F306;
			productRefGroup = 9C230C4920EEC8040035F306 /* Products */;
			projectDirPath = "";
			projectRoot = "";
			targets = (
				9C230C4720EEC8040035F306 /* ExpandingViews */,
			);
		};
/* End PBXProject section */

/* Begin PBXResourcesBuildPhase section */
		9C230C4620EEC8040035F306 /* Resources */ = {
			isa = PBXResourcesBuildPhase;
			buildActionMask = 2147483647;
			files = (
				9C230C5B20EEC8070035F306 /* LaunchScreen.storyboard in Resources */,
				9C230C5820EEC8070035F306 /* Assets.xcassets in Resources */,
				9C230C5320EEC8040035F306 /* Main.storyboard in Resources */,
			);
			runOnlyForDeploymentPostprocessing = 0;
		};
/* End PBXResourcesBuildPhase section */

/* Begin PBXSourcesBuildPhase section */
		9C230C4420EEC8040035F306 /* Sources */ = {
			isa = PBXSourcesBuildPhase;
			buildActionMask = 2147483647;
			files = (
				9C230C5620EEC8040035F306 /* ExpandingViews.xcdatamodeld in Sources */,
				9C230C5020EEC8040035F306 /* ViewController.m in Sources */,
				9C230C5E20EEC8070035F306 /* main.m in Sources */,
				9C230C4D20EEC8040035F306 /* AppDelegate.m in Sources */,
			);
			runOnlyForDeploymentPostprocessing = 0;
		};
/* End PBXSourcesBuildPhase section */

/* Begin PBXVariantGroup section */
		9C230C5120EEC8040035F306 /* Main.storyboard */ = {
			isa = PBXVariantGroup;
			children = (
				9C230C5220EEC8040035F306 /* Base */,
			);
			name = Main.storyboard;
			sourceTree = "<group>";
		};
		9C230C5920EEC8070035F306 /* LaunchScreen.storyboard */ = {
			isa = PBXVariantGroup;
			children = (
				9C230C5A20EEC8070035F306 /* Base */,
			);
			name = LaunchScreen.storyboard;
			sourceTree = "<group>";
		};
/* End PBXVariantGroup section */

/* Begin XCBuildConfiguration section */
		9C230C5F20EEC8070035F306 /* Debug */ = {
			isa = XCBuildConfiguration;
			buildSettings = {
				ALWAYS_SEARCH_USER_PATHS = NO;
				CLANG_ANALYZER_NONNULL = YES;
				CLANG_ANALYZER_NUMBER_OBJECT_CONVERSION = YES_AGGRESSIVE;
				CLANG_CXX_LANGUAGE_STANDARD = "gnu++14";
				CLANG_CXX_LIBRARY = "libc++";
				CLANG_ENABLE_MODULES = YES;
				CLANG_ENABLE_OBJC_ARC = YES;
				CLANG_ENABLE_OBJC_WEAK = YES;
				CLANG_WARN_BLOCK_CAPTURE_AUTORELEASING = YES;
				CLANG_WARN_BOOL_CONVERSION = YES;
				CLANG_WARN_COMMA = YES;
				CLANG_WARN_CONSTANT_CONVERSION = YES;
				CLANG_WARN_DEPRECATED_OBJC_IMPLEMENTATIONS = YES;
				CLANG_WARN_DIRECT_OBJC_ISA_USAGE = YES_ERROR;
				CLANG_WARN_DOCUMENTATION_COMMENTS = YES;
				CLANG_WARN_EMPTY_BODY = YES;
				CLANG_WARN_ENUM_CONVERSION = YES;
				CLANG_WARN_INFINITE_RECURSION = YES;
				CLANG_WARN_INT_CONVERSION = YES;
				CLANG_WARN_NON_LITERAL_NULL_CONVERSION = YES;
				CLANG_WARN_OBJC_IMPLICIT_RETAIN_SELF = YES;
				CLANG_WARN_OBJC_LITERAL_CONVERSION = YES;
				CLANG_WARN_OBJC_ROOT_CLASS = YES_ERROR;
				CLANG_WARN_RANGE_LOOP_ANALYSIS = YES;
				CLANG_WARN_STRICT_PROTOTYPES = YES;
				CLANG_WARN_SUSPICIOUS_MOVE = YES;
				CLANG_WARN_UNGUARDED_AVAILABILITY = YES_AGGRESSIVE;
				CLANG_WARN_UNREACHABLE_CODE = YES;
				CLANG_WARN__DUPLICATE_METHOD_MATCH = YES;
				CODE_SIGN_IDENTITY = "iPhone Developer";
				COPY_PHASE_STRIP = NO;
				DEBUG_INFORMATION_FORMAT = dwarf;
				ENABLE_STRICT_OBJC_MSGSEND = YES;
				ENABLE_TESTABILITY = YES;
				GCC_C_LANGUAGE_STANDARD = gnu11;
				GCC_DYNAMIC_NO_PIC = NO;
				GCC_NO_COMMON_BLOCKS = YES;
				GCC_OPTIMIZATION_LEVEL = 0;
				GCC_PREPROCESSOR_DEFINITIONS = (
					"DEBUG=1",
					"$(inherited)",
				);
				GCC_WARN_64_TO_32_BIT_CONVERSION = YES;
				GCC_WARN_ABOUT_RETURN_TYPE = YES_ERROR;
				GCC_WARN_UNDECLARED_SELECTOR = YES;
				GCC_WARN_UNINITIALIZED_AUTOS = YES_AGGRESSIVE;
				GCC_WARN_UNUSED_FUNCTION = YES;
				GCC_WARN_UNUSED_VARIABLE = YES;
				IPHONEOS_DEPLOYMENT_TARGET = 11.4;
				MTL_ENABLE_DEBUG_INFO = YES;
				ONLY_ACTIVE_ARCH = YES;
				SDKROOT = iphoneos;
			};
			name = Debug;
		};
		9C230C6020EEC8070035F306 /* Release */ = {
			isa = XCBuildConfiguration;
			buildSettings = {
				ALWAYS_SEARCH_USER_PATHS = NO;
				CLANG_ANALYZER_NONNULL = YES;
				CLANG_ANALYZER_NUMBER_OBJECT_CONVERSION = YES_AGGRESSIVE;
				CLANG_CXX_LANGUAGE_STANDARD = "gnu++14";
				CLANG_CXX_LIBRARY = "libc++";
				CLANG_ENABLE_MODULES = YES;
				CLANG_ENABLE_OBJC_ARC = YES;
				CLANG_ENABLE_OBJC_WEAK = YES;
				CLANG_WARN_BLOCK_CAPTURE_AUTORELEASING = YES;
				CLANG_WARN_BOOL_CONVERSION = YES;
				CLANG_WARN_COMMA = YES;
				CLANG_WARN_CONSTANT_CONVERSION = YES;
				CLANG_WARN_DEPRECATED_OBJC_IMPLEMENTATIONS = YES;
				CLANG_WARN_DIRECT_OBJC_ISA_USAGE = YES_ERROR;
				CLANG_WARN_DOCUMENTATION_COMMENTS = YES;
				CLANG_WARN_EMPTY_BODY = YES;
				CLANG_WARN_ENUM_CONVERSION = YES;
				CLANG_WARN_INFINITE_RECURSION = YES;
				CLANG_WARN_INT_CONVERSION = YES;
				CLANG_WARN_NON_LITERAL_NULL_CONVERSION = YES;
				CLANG_WARN_OBJC_IMPLICIT_RETAIN_SELF = YES;
				CLANG_WARN_OBJC_LITERAL_CONVERSION = YES;
				CLANG_WARN_OBJC_ROOT_CLASS = YES_ERROR;
				CLANG_WARN_RANGE_LOOP_ANALYSIS = YES;
				CLANG_WARN_STRICT_PROTOTYPES = YES;
				CLANG_WARN_SUSPICIOUS_MOVE = YES;
				CLANG_WARN_UNGUARDED_AVAILABILITY = YES_AGGRESSIVE;
				CLANG_WARN_UNREACHABLE_CODE = YES;
				CLANG_WARN__DUPLICATE_METHOD_MATCH = YES;
				CODE_SIGN_IDENTITY = "iPhone Developer";
				COPY_PHASE_STRIP = NO;
				DEBUG_INFORMATION_FORMAT = "dwarf-with-dsym";
				ENABLE_NS_ASSERTIONS = NO;
				ENABLE_STRICT_OBJC_MSGSEND = YES;
				GCC_C_LANGUAGE_STANDARD = gnu11;
				GCC_NO_COMMON_BLOCKS = YES;
				GCC_WARN_64_TO_32_BIT_CONVERSION = YES;
				GCC_WARN_ABOUT_RETURN_TYPE = YES_ERROR;
				GCC_WARN_UNDECLARED_SELECTOR = YES;
				GCC_WARN_UNINITIALIZED_AUTOS = YES_AGGRESSIVE;
				GCC_WARN_UNUSED_FUNCTION = YES;
				GCC_WARN_UNUSED_VARIABLE = YES;
				IPHONEOS_DEPLOYMENT_TARGET = 11.4;
				MTL_ENABLE_DEBUG_INFO = NO;
				SDKROOT = iphoneos;
				VALIDATE_PRODUCT = YES;
			};
			name = Release;
		};
		9C230C6220EEC8070035F306 /* Debug */ = {
			isa = XCBuildConfiguration;
			buildSettings = {
				ASSETCATALOG_COMPILER_APPICON_NAME = AppIcon;
				CODE_SIGN_STYLE = Automatic;
				DEVELOPMENT_TEAM = V9WP7C9YMV;
				INFOPLIST_FILE = ExpandingViews/Info.plist;
				LD_RUNPATH_SEARCH_PATHS = (
					"$(inherited)",
					"@executable_path/Frameworks",
				);
				PRODUCT_BUNDLE_IDENTIFIER = com.vnchopra.ExpandingViews;
				PRODUCT_NAME = "$(TARGET_NAME)";
				TARGETED_DEVICE_FAMILY = "1,2";
			};
			name = Debug;
		};
		9C230C6320EEC8070035F306 /* Release */ = {
			isa = XCBuildConfiguration;
			buildSettings = {
				ASSETCATALOG_COMPILER_APPICON_NAME = AppIcon;
				CODE_SIGN_STYLE = Automatic;
				DEVELOPMENT_TEAM = V9WP7C9YMV;
				INFOPLIST_FILE = ExpandingViews/Info.plist;
				LD_RUNPATH_SEARCH_PATHS = (
					"$(inherited)",
					"@executable_path/Frameworks",
				);
				PRODUCT_BUNDLE_IDENTIFIER = com.vnchopra.ExpandingViews;
				PRODUCT_NAME = "$(TARGET_NAME)";
				TARGETED_DEVICE_FAMILY = "1,2";
			};
			name = Release;
		};
/* End XCBuildConfiguration section */

/* Begin XCConfigurationList section */
		9C230C4320EEC8040035F306 /* Build configuration list for PBXProject "ExpandingViews" */ = {
			isa = XCConfigurationList;
			buildConfigurations = (
				9C230C5F20EEC8070035F306 /* Debug */,
				9C230C6020EEC8070035F306 /* Release */,
			);
			defaultConfigurationIsVisible = 0;
			defaultConfigurationName = Release;
		};
		9C230C6120EEC8070035F306 /* Build configuration list for PBXNativeTarget "ExpandingViews" */ = {
			isa = XCConfigurationList;
			buildConfigurations = (
				9C230C6220EEC8070035F306 /* Debug */,
				9C230C6320EEC8070035F306 /* Release */,
			);
			defaultConfigurationIsVisible = 0;
			defaultConfigurationName = Release;
		};
/* End XCConfigurationList section */

/* Begin XCVersionGroup section */
		9C230C5420EEC8040035F306 /* ExpandingViews.xcdatamodeld */ = {
			isa = XCVersionGroup;
			children = (
				9C230C5520EEC8040035F306 /* ExpandingViews.xcdatamodel */,
			);
			currentVersion = 9C230C5520EEC8040035F306 /* ExpandingViews.xcdatamodel */;
			path = ExpandingViews.xcdatamodeld;
			sourceTree = "<group>";
			versionGroupType = wrapper.xcdatamodel;
		};
/* End XCVersionGroup section */
	};
	rootObject = 9C230C4020EEC8040035F306 /* Project object */;
}
